// !$*UTF8*$!
{
	archiveVersion = 1;
	classes = {
	};
	objectVersion = 48;
	objects = {

/* Begin PBXBuildFile section */
		7680F19E205B4DF3000389D8 /* AppDelegate.m in Sources */ = {isa = PBXBuildFile; fileRef = 7680F19D205B4DF3000389D8 /* AppDelegate.m */; };
		7680F1A4205B4DF3000389D8 /* Main.storyboard in Resources */ = {isa = PBXBuildFile; fileRef = 7680F1A2205B4DF3000389D8 /* Main.storyboard */; };
		7680F1A6205B4DF3000389D8 /* Assets.xcassets in Resources */ = {isa = PBXBuildFile; fileRef = 7680F1A5205B4DF3000389D8 /* Assets.xcassets */; };
		7680F1A9205B4DF3000389D8 /* LaunchScreen.storyboard in Resources */ = {isa = PBXBuildFile; fileRef = 7680F1A7205B4DF3000389D8 /* LaunchScreen.storyboard */; };
		7680F1AC205B4DF3000389D8 /* main.m in Sources */ = {isa = PBXBuildFile; fileRef = 7680F1AB205B4DF3000389D8 /* main.m */; };
		7680F1B6205B4DF3000389D8 /* PeiPeiProjectTests.m in Sources */ = {isa = PBXBuildFile; fileRef = 7680F1B5205B4DF3000389D8 /* PeiPeiProjectTests.m */; };
		7680F1C1205B4DF3000389D8 /* PeiPeiProjectUITests.m in Sources */ = {isa = PBXBuildFile; fileRef = 7680F1C0205B4DF3000389D8 /* PeiPeiProjectUITests.m */; };
		7680F1E6205B64C7000389D8 /* ParentViewController.m in Sources */ = {isa = PBXBuildFile; fileRef = 7680F1E5205B64C7000389D8 /* ParentViewController.m */; };
		7680F1E9205B64DA000389D8 /* HomeViewController.m in Sources */ = {isa = PBXBuildFile; fileRef = 7680F1E8205B64DA000389D8 /* HomeViewController.m */; };
		7680F1EC205B64E6000389D8 /* FoundViewController.m in Sources */ = {isa = PBXBuildFile; fileRef = 7680F1EB205B64E6000389D8 /* FoundViewController.m */; };
		7680F1EF205B64F2000389D8 /* DirectViewController.m in Sources */ = {isa = PBXBuildFile; fileRef = 7680F1EE205B64F2000389D8 /* DirectViewController.m */; };
		7680F1F2205B64FB000389D8 /* MineViewController.m in Sources */ = {isa = PBXBuildFile; fileRef = 7680F1F1205B64FB000389D8 /* MineViewController.m */; };
		7680F1F5205B656B000389D8 /* ZZWebViewController.m in Sources */ = {isa = PBXBuildFile; fileRef = 7680F1F4205B656B000389D8 /* ZZWebViewController.m */; };
		7680F1F8205B6581000389D8 /* ShoppingViewController.m in Sources */ = {isa = PBXBuildFile; fileRef = 7680F1F7205B6581000389D8 /* ShoppingViewController.m */; };
		7680F1FB205B660E000389D8 /* ZZNavigationController.m in Sources */ = {isa = PBXBuildFile; fileRef = 7680F1FA205B660E000389D8 /* ZZNavigationController.m */; };
		7680F1FF205B7181000389D8 /* ZZTabBarController.m in Sources */ = {isa = PBXBuildFile; fileRef = 7680F1FE205B7181000389D8 /* ZZTabBarController.m */; };
/* End PBXBuildFile section */

/* Begin PBXContainerItemProxy section */
		7680F1B2205B4DF3000389D8 /* PBXContainerItemProxy */ = {
			isa = PBXContainerItemProxy;
			containerPortal = 7680F191205B4DF3000389D8 /* Project object */;
			proxyType = 1;
			remoteGlobalIDString = 7680F198205B4DF3000389D8;
			remoteInfo = PeiPeiProject;
		};
		7680F1BD205B4DF3000389D8 /* PBXContainerItemProxy */ = {
			isa = PBXContainerItemProxy;
			containerPortal = 7680F191205B4DF3000389D8 /* Project object */;
			proxyType = 1;
			remoteGlobalIDString = 7680F198205B4DF3000389D8;
			remoteInfo = PeiPeiProject;
		};
/* End PBXContainerItemProxy section */

/* Begin PBXFileReference section */
		7680F199205B4DF3000389D8 /* PeiPeiProject.app */ = {isa = PBXFileReference; explicitFileType = wrapper.application; includeInIndex = 0; path = PeiPeiProject.app; sourceTree = BUILT_PRODUCTS_DIR; };
		7680F19C205B4DF3000389D8 /* AppDelegate.h */ = {isa = PBXFileReference; lastKnownFileType = sourcecode.c.h; path = AppDelegate.h; sourceTree = "<group>"; };
		7680F19D205B4DF3000389D8 /* AppDelegate.m */ = {isa = PBXFileReference; lastKnownFileType = sourcecode.c.objc; path = AppDelegate.m; sourceTree = "<group>"; };
		7680F1A3205B4DF3000389D8 /* Base */ = {isa = PBXFileReference; lastKnownFileType = file.storyboard; name = Base; path = Base.lproj/Main.storyboard; sourceTree = "<group>"; };
		7680F1A5205B4DF3000389D8 /* Assets.xcassets */ = {isa = PBXFileReference; lastKnownFileType = folder.assetcatalog; path = Assets.xcassets; sourceTree = "<group>"; };
		7680F1A8205B4DF3000389D8 /* Base */ = {isa = PBXFileReference; lastKnownFileType = file.storyboard; name = Base; path = Base.lproj/LaunchScreen.storyboard; sourceTree = "<group>"; };
		7680F1AA205B4DF3000389D8 /* Info.plist */ = {isa = PBXFileReference; lastKnownFileType = text.plist.xml; path = Info.plist; sourceTree = "<group>"; };
		7680F1AB205B4DF3000389D8 /* main.m */ = {isa = PBXFileReference; lastKnownFileType = sourcecode.c.objc; path = main.m; sourceTree = "<group>"; };
		7680F1B1205B4DF3000389D8 /* PeiPeiProjectTests.xctest */ = {isa = PBXFileReference; explicitFileType = wrapper.cfbundle; includeInIndex = 0; path = PeiPeiProjectTests.xctest; sourceTree = BUILT_PRODUCTS_DIR; };
		7680F1B5205B4DF3000389D8 /* PeiPeiProjectTests.m */ = {isa = PBXFileReference; lastKnownFileType = sourcecode.c.objc; path = PeiPeiProjectTests.m; sourceTree = "<group>"; };
		7680F1B7205B4DF3000389D8 /* Info.plist */ = {isa = PBXFileReference; lastKnownFileType = text.plist.xml; path = Info.plist; sourceTree = "<group>"; };
		7680F1BC205B4DF3000389D8 /* PeiPeiProjectUITests.xctest */ = {isa = PBXFileReference; explicitFileType = wrapper.cfbundle; includeInIndex = 0; path = PeiPeiProjectUITests.xctest; sourceTree = BUILT_PRODUCTS_DIR; };
		7680F1C0205B4DF3000389D8 /* PeiPeiProjectUITests.m */ = {isa = PBXFileReference; lastKnownFileType = sourcecode.c.objc; path = PeiPeiProjectUITests.m; sourceTree = "<group>"; };
		7680F1C2205B4DF3000389D8 /* Info.plist */ = {isa = PBXFileReference; lastKnownFileType = text.plist.xml; path = Info.plist; sourceTree = "<group>"; };
		7680F1E4205B64C7000389D8 /* ParentViewController.h */ = {isa = PBXFileReference; lastKnownFileType = sourcecode.c.h; path = ParentViewController.h; sourceTree = "<group>"; };
		7680F1E5205B64C7000389D8 /* ParentViewController.m */ = {isa = PBXFileReference; lastKnownFileType = sourcecode.c.objc; path = ParentViewController.m; sourceTree = "<group>"; };
		7680F1E7205B64DA000389D8 /* HomeViewController.h */ = {isa = PBXFileReference; lastKnownFileType = sourcecode.c.h; path = HomeViewController.h; sourceTree = "<group>"; };
		7680F1E8205B64DA000389D8 /* HomeViewController.m */ = {isa = PBXFileReference; lastKnownFileType = sourcecode.c.objc; path = HomeViewController.m; sourceTree = "<group>"; };
		7680F1EA205B64E6000389D8 /* FoundViewController.h */ = {isa = PBXFileReference; lastKnownFileType = sourcecode.c.h; path = FoundViewController.h; sourceTree = "<group>"; };
		7680F1EB205B64E6000389D8 /* FoundViewController.m */ = {isa = PBXFileReference; lastKnownFileType = sourcecode.c.objc; path = FoundViewController.m; sourceTree = "<group>"; };
		7680F1ED205B64F2000389D8 /* DirectViewController.h */ = {isa = PBXFileReference; lastKnownFileType = sourcecode.c.h; path = DirectViewController.h; sourceTree = "<group>"; };
		7680F1EE205B64F2000389D8 /* DirectViewController.m */ = {isa = PBXFileReference; lastKnownFileType = sourcecode.c.objc; path = DirectViewController.m; sourceTree = "<group>"; };
		7680F1F0205B64FB000389D8 /* MineViewController.h */ = {isa = PBXFileReference; lastKnownFileType = sourcecode.c.h; path = MineViewController.h; sourceTree = "<group>"; };
		7680F1F1205B64FB000389D8 /* MineViewController.m */ = {isa = PBXFileReference; lastKnownFileType = sourcecode.c.objc; path = MineViewController.m; sourceTree = "<group>"; };
		7680F1F3205B656B000389D8 /* ZZWebViewController.h */ = {isa = PBXFileReference; lastKnownFileType = sourcecode.c.h; path = ZZWebViewController.h; sourceTree = "<group>"; };
		7680F1F4205B656B000389D8 /* ZZWebViewController.m */ = {isa = PBXFileReference; lastKnownFileType = sourcecode.c.objc; path = ZZWebViewController.m; sourceTree = "<group>"; };
		7680F1F6205B6581000389D8 /* ShoppingViewController.h */ = {isa = PBXFileReference; lastKnownFileType = sourcecode.c.h; path = ShoppingViewController.h; sourceTree = "<group>"; };
		7680F1F7205B6581000389D8 /* ShoppingViewController.m */ = {isa = PBXFileReference; lastKnownFileType = sourcecode.c.objc; path = ShoppingViewController.m; sourceTree = "<group>"; };
		7680F1F9205B660E000389D8 /* ZZNavigationController.h */ = {isa = PBXFileReference; lastKnownFileType = sourcecode.c.h; path = ZZNavigationController.h; sourceTree = "<group>"; };
		7680F1FA205B660E000389D8 /* ZZNavigationController.m */ = {isa = PBXFileReference; lastKnownFileType = sourcecode.c.objc; path = ZZNavigationController.m; sourceTree = "<group>"; };
		7680F1FC205B6D47000389D8 /* ZZCommon.h */ = {isa = PBXFileReference; lastKnownFileType = sourcecode.c.h; path = ZZCommon.h; sourceTree = "<group>"; };
		7680F1FD205B7181000389D8 /* ZZTabBarController.h */ = {isa = PBXFileReference; lastKnownFileType = sourcecode.c.h; path = ZZTabBarController.h; sourceTree = "<group>"; };
		7680F1FE205B7181000389D8 /* ZZTabBarController.m */ = {isa = PBXFileReference; lastKnownFileType = sourcecode.c.objc; path = ZZTabBarController.m; sourceTree = "<group>"; };
/* End PBXFileReference section */

/* Begin PBXFrameworksBuildPhase section */
		7680F196205B4DF3000389D8 /* Frameworks */ = {
			isa = PBXFrameworksBuildPhase;
			buildActionMask = 2147483647;
			files = (
			);
			runOnlyForDeploymentPostprocessing = 0;
		};
		7680F1AE205B4DF3000389D8 /* Frameworks */ = {
			isa = PBXFrameworksBuildPhase;
			buildActionMask = 2147483647;
			files = (
			);
			runOnlyForDeploymentPostprocessing = 0;
		};
		7680F1B9205B4DF3000389D8 /* Frameworks */ = {
			isa = PBXFrameworksBuildPhase;
			buildActionMask = 2147483647;
			files = (
			);
			runOnlyForDeploymentPostprocessing = 0;
		};
/* End PBXFrameworksBuildPhase section */

/* Begin PBXGroup section */
		7680F190205B4DF3000389D8 = {
			isa = PBXGroup;
			children = (
				7680F19B205B4DF3000389D8 /* PeiPeiProject */,
				7680F1B4205B4DF3000389D8 /* PeiPeiProjectTests */,
				7680F1BF205B4DF3000389D8 /* PeiPeiProjectUITests */,
				7680F19A205B4DF3000389D8 /* Products */,
			);
			sourceTree = "<group>";
		};
		7680F19A205B4DF3000389D8 /* Products */ = {
			isa = PBXGroup;
			children = (
				7680F199205B4DF3000389D8 /* PeiPeiProject.app */,
				7680F1B1205B4DF3000389D8 /* PeiPeiProjectTests.xctest */,
				7680F1BC205B4DF3000389D8 /* PeiPeiProjectUITests.xctest */,
			);
			name = Products;
			sourceTree = "<group>";
		};
		7680F19B205B4DF3000389D8 /* PeiPeiProject */ = {
			isa = PBXGroup;
			children = (
				7680F1CF205B60BF000389D8 /* Common */,
				7680F1D0205B60BF000389D8 /* Controller */,
				7680F1CE205B60BF000389D8 /* Supporting Files */,
			);
			path = PeiPeiProject;
			sourceTree = "<group>";
		};
		7680F1B4205B4DF3000389D8 /* PeiPeiProjectTests */ = {
			isa = PBXGroup;
			children = (
				7680F1B5205B4DF3000389D8 /* PeiPeiProjectTests.m */,
				7680F1B7205B4DF3000389D8 /* Info.plist */,
			);
			path = PeiPeiProjectTests;
			sourceTree = "<group>";
		};
		7680F1BF205B4DF3000389D8 /* PeiPeiProjectUITests */ = {
			isa = PBXGroup;
			children = (
				7680F1C0205B4DF3000389D8 /* PeiPeiProjectUITests.m */,
				7680F1C2205B4DF3000389D8 /* Info.plist */,
			);
			path = PeiPeiProjectUITests;
			sourceTree = "<group>";
		};
		7680F1CE205B60BF000389D8 /* Supporting Files */ = {
			isa = PBXGroup;
			children = (
				7680F19C205B4DF3000389D8 /* AppDelegate.h */,
				7680F19D205B4DF3000389D8 /* AppDelegate.m */,
				7680F1A2205B4DF3000389D8 /* Main.storyboard */,
				7680F1A5205B4DF3000389D8 /* Assets.xcassets */,
				7680F1A7205B4DF3000389D8 /* LaunchScreen.storyboard */,
				7680F1AA205B4DF3000389D8 /* Info.plist */,
				7680F1AB205B4DF3000389D8 /* main.m */,
			);
			path = "Supporting Files";
			sourceTree = "<group>";
		};
		7680F1CF205B60BF000389D8 /* Common */ = {
			isa = PBXGroup;
			children = (
			);
			path = Common;
			sourceTree = "<group>";
		};
		7680F1D0205B60BF000389D8 /* Controller */ = {
			isa = PBXGroup;
			children = (
				7680F1E2205B6493000389D8 /* Tools */,
				7680F1D2205B616E000389D8 /* Main */,
				7680F1E3205B649D000389D8 /* Home */,
				7680F1D4205B616E000389D8 /* Shopping */,
				7680F1D3205B616E000389D8 /* Found */,
				7680F1D1205B616E000389D8 /* Direct */,
				7680F1D5205B616E000389D8 /* Mine */,
			);
			path = Controller;
			sourceTree = "<group>";
		};
		7680F1D1205B616E000389D8 /* Direct */ = {
			isa = PBXGroup;
			children = (
				7680F1ED205B64F2000389D8 /* DirectViewController.h */,
				7680F1EE205B64F2000389D8 /* DirectViewController.m */,
			);
			path = Direct;
			sourceTree = "<group>";
		};
		7680F1D2205B616E000389D8 /* Main */ = {
			isa = PBXGroup;
			children = (
				7680F1E4205B64C7000389D8 /* ParentViewController.h */,
				7680F1E5205B64C7000389D8 /* ParentViewController.m */,
			);
			path = Main;
			sourceTree = "<group>";
		};
		7680F1D3205B616E000389D8 /* Found */ = {
			isa = PBXGroup;
			children = (
				7680F1EA205B64E6000389D8 /* FoundViewController.h */,
				7680F1EB205B64E6000389D8 /* FoundViewController.m */,
			);
			path = Found;
			sourceTree = "<group>";
		};
		7680F1D4205B616E000389D8 /* Shopping */ = {
			isa = PBXGroup;
			children = (
				7680F1F6205B6581000389D8 /* ShoppingViewController.h */,
				7680F1F7205B6581000389D8 /* ShoppingViewController.m */,
			);
			path = Shopping;
			sourceTree = "<group>";
		};
		7680F1D5205B616E000389D8 /* Mine */ = {
			isa = PBXGroup;
			children = (
				7680F1F0205B64FB000389D8 /* MineViewController.h */,
				7680F1F1205B64FB000389D8 /* MineViewController.m */,
			);
			path = Mine;
			sourceTree = "<group>";
		};
		7680F1E2205B6493000389D8 /* Tools */ = {
			isa = PBXGroup;
			children = (
				7680F1F3205B656B000389D8 /* ZZWebViewController.h */,
				7680F1F4205B656B000389D8 /* ZZWebViewController.m */,
				7680F1F9205B660E000389D8 /* ZZNavigationController.h */,
				7680F1FA205B660E000389D8 /* ZZNavigationController.m */,
				7680F1FD205B7181000389D8 /* ZZTabBarController.h */,
				7680F1FE205B7181000389D8 /* ZZTabBarController.m */,
				7680F1FC205B6D47000389D8 /* ZZCommon.h */,
			);
			path = Tools;
			sourceTree = "<group>";
		};
		7680F1E3205B649D000389D8 /* Home */ = {
			isa = PBXGroup;
			children = (
				7680F1E7205B64DA000389D8 /* HomeViewController.h */,
				7680F1E8205B64DA000389D8 /* HomeViewController.m */,
			);
			path = Home;
			sourceTree = "<group>";
		};
/* End PBXGroup section */

/* Begin PBXNativeTarget section */
		7680F198205B4DF3000389D8 /* PeiPeiProject */ = {
			isa = PBXNativeTarget;
			buildConfigurationList = 7680F1C5205B4DF3000389D8 /* Build configuration list for PBXNativeTarget "PeiPeiProject" */;
			buildPhases = (
				7680F195205B4DF3000389D8 /* Sources */,
				7680F196205B4DF3000389D8 /* Frameworks */,
				7680F197205B4DF3000389D8 /* Resources */,
			);
			buildRules = (
			);
			dependencies = (
			);
			name = PeiPeiProject;
			productName = PeiPeiProject;
			productReference = 7680F199205B4DF3000389D8 /* PeiPeiProject.app */;
			productType = "com.apple.product-type.application";
		};
		7680F1B0205B4DF3000389D8 /* PeiPeiProjectTests */ = {
			isa = PBXNativeTarget;
			buildConfigurationList = 7680F1C8205B4DF3000389D8 /* Build configuration list for PBXNativeTarget "PeiPeiProjectTests" */;
			buildPhases = (
				7680F1AD205B4DF3000389D8 /* Sources */,
				7680F1AE205B4DF3000389D8 /* Frameworks */,
				7680F1AF205B4DF3000389D8 /* Resources */,
			);
			buildRules = (
			);
			dependencies = (
				7680F1B3205B4DF3000389D8 /* PBXTargetDependency */,
			);
			name = PeiPeiProjectTests;
			productName = PeiPeiProjectTests;
			productReference = 7680F1B1205B4DF3000389D8 /* PeiPeiProjectTests.xctest */;
			productType = "com.apple.product-type.bundle.unit-test";
		};
		7680F1BB205B4DF3000389D8 /* PeiPeiProjectUITests */ = {
			isa = PBXNativeTarget;
			buildConfigurationList = 7680F1CB205B4DF3000389D8 /* Build configuration list for PBXNativeTarget "PeiPeiProjectUITests" */;
			buildPhases = (
				7680F1B8205B4DF3000389D8 /* Sources */,
				7680F1B9205B4DF3000389D8 /* Frameworks */,
				7680F1BA205B4DF3000389D8 /* Resources */,
			);
			buildRules = (
			);
			dependencies = (
				7680F1BE205B4DF3000389D8 /* PBXTargetDependency */,
			);
			name = PeiPeiProjectUITests;
			productName = PeiPeiProjectUITests;
			productReference = 7680F1BC205B4DF3000389D8 /* PeiPeiProjectUITests.xctest */;
			productType = "com.apple.product-type.bundle.ui-testing";
		};
/* End PBXNativeTarget section */

/* Begin PBXProject section */
		7680F191205B4DF3000389D8 /* Project object */ = {
			isa = PBXProject;
			attributes = {
				LastUpgradeCheck = 0920;
				ORGANIZATIONNAME = "www.zhangwenyan@travel.com";
				TargetAttributes = {
					7680F198205B4DF3000389D8 = {
						CreatedOnToolsVersion = 9.2;
						ProvisioningStyle = Automatic;
					};
					7680F1B0205B4DF3000389D8 = {
						CreatedOnToolsVersion = 9.2;
						ProvisioningStyle = Automatic;
						TestTargetID = 7680F198205B4DF3000389D8;
					};
					7680F1BB205B4DF3000389D8 = {
						CreatedOnToolsVersion = 9.2;
						ProvisioningStyle = Automatic;
						TestTargetID = 7680F198205B4DF3000389D8;
					};
				};
			};
			buildConfigurationList = 7680F194205B4DF3000389D8 /* Build configuration list for PBXProject "PeiPeiProject" */;
			compatibilityVersion = "Xcode 8.0";
			developmentRegion = en;
			hasScannedForEncodings = 0;
			knownRegions = (
				en,
				Base,
			);
			mainGroup = 7680F190205B4DF3000389D8;
			productRefGroup = 7680F19A205B4DF3000389D8 /* Products */;
			projectDirPath = "";
			projectRoot = "";
			targets = (
				7680F198205B4DF3000389D8 /* PeiPeiProject */,
				7680F1B0205B4DF3000389D8 /* PeiPeiProjectTests */,
				7680F1BB205B4DF3000389D8 /* PeiPeiProjectUITests */,
			);
		};
/* End PBXProject section */

/* Begin PBXResourcesBuildPhase section */
		7680F197205B4DF3000389D8 /* Resources */ = {
			isa = PBXResourcesBuildPhase;
			buildActionMask = 2147483647;
			files = (
				7680F1A9205B4DF3000389D8 /* LaunchScreen.storyboard in Resources */,
				7680F1A6205B4DF3000389D8 /* Assets.xcassets in Resources */,
				7680F1A4205B4DF3000389D8 /* Main.storyboard in Resources */,
			);
			runOnlyForDeploymentPostprocessing = 0;
		};
		7680F1AF205B4DF3000389D8 /* Resources */ = {
			isa = PBXResourcesBuildPhase;
			buildActionMask = 2147483647;
			files = (
			);
			runOnlyForDeploymentPostprocessing = 0;
		};
		7680F1BA205B4DF3000389D8 /* Resources */ = {
			isa = PBXResourcesBuildPhase;
			buildActionMask = 2147483647;
			files = (
			);
			runOnlyForDeploymentPostprocessing = 0;
		};
/* End PBXResourcesBuildPhase section */

/* Begin PBXSourcesBuildPhase section */
		7680F195205B4DF3000389D8 /* Sources */ = {
			isa = PBXSourcesBuildPhase;
			buildActionMask = 2147483647;
			files = (
				7680F1FF205B7181000389D8 /* ZZTabBarController.m in Sources */,
				7680F1AC205B4DF3000389D8 /* main.m in Sources */,
				7680F1F8205B6581000389D8 /* ShoppingViewController.m in Sources */,
				7680F1F5205B656B000389D8 /* ZZWebViewController.m in Sources */,
				7680F1F2205B64FB000389D8 /* MineViewController.m in Sources */,
				7680F19E205B4DF3000389D8 /* AppDelegate.m in Sources */,
				7680F1E6205B64C7000389D8 /* ParentViewController.m in Sources */,
				7680F1E9205B64DA000389D8 /* HomeViewController.m in Sources */,
				7680F1FB205B660E000389D8 /* ZZNavigationController.m in Sources */,
				7680F1EC205B64E6000389D8 /* FoundViewController.m in Sources */,
				7680F1EF205B64F2000389D8 /* DirectViewController.m in Sources */,
			);
			runOnlyForDeploymentPostprocessing = 0;
		};
		7680F1AD205B4DF3000389D8 /* Sources */ = {
			isa = PBXSourcesBuildPhase;
			buildActionMask = 2147483647;
			files = (
				7680F1B6205B4DF3000389D8 /* PeiPeiProjectTests.m in Sources */,
			);
			runOnlyForDeploymentPostprocessing = 0;
		};
		7680F1B8205B4DF3000389D8 /* Sources */ = {
			isa = PBXSourcesBuildPhase;
			buildActionMask = 2147483647;
			files = (
				7680F1C1205B4DF3000389D8 /* PeiPeiProjectUITests.m in Sources */,
			);
			runOnlyForDeploymentPostprocessing = 0;
		};
/* End PBXSourcesBuildPhase section */

/* Begin PBXTargetDependency section */
		7680F1B3205B4DF3000389D8 /* PBXTargetDependency */ = {
			isa = PBXTargetDependency;
			target = 7680F198205B4DF3000389D8 /* PeiPeiProject */;
			targetProxy = 7680F1B2205B4DF3000389D8 /* PBXContainerItemProxy */;
		};
		7680F1BE205B4DF3000389D8 /* PBXTargetDependency */ = {
			isa = PBXTargetDependency;
			target = 7680F198205B4DF3000389D8 /* PeiPeiProject */;
			targetProxy = 7680F1BD205B4DF3000389D8 /* PBXContainerItemProxy */;
		};
/* End PBXTargetDependency section */

/* Begin PBXVariantGroup section */
		7680F1A2205B4DF3000389D8 /* Main.storyboard */ = {
			isa = PBXVariantGroup;
			children = (
				7680F1A3205B4DF3000389D8 /* Base */,
			);
			name = Main.storyboard;
			sourceTree = "<group>";
		};
		7680F1A7205B4DF3000389D8 /* LaunchScreen.storyboard */ = {
			isa = PBXVariantGroup;
			children = (
				7680F1A8205B4DF3000389D8 /* Base */,
			);
			name = LaunchScreen.storyboard;
			sourceTree = "<group>";
		};
/* End PBXVariantGroup section */

/* Begin XCBuildConfiguration section */
		7680F1C3205B4DF3000389D8 /* Debug */ = {
			isa = XCBuildConfiguration;
			buildSettings = {
				ALWAYS_SEARCH_USER_PATHS = NO;
				CLANG_ANALYZER_NONNULL = YES;
				CLANG_ANALYZER_NUMBER_OBJECT_CONVERSION = YES_AGGRESSIVE;
				CLANG_CXX_LANGUAGE_STANDARD = "gnu++14";
				CLANG_CXX_LIBRARY = "libc++";
				CLANG_ENABLE_MODULES = YES;
				CLANG_ENABLE_OBJC_ARC = YES;
				CLANG_WARN_BLOCK_CAPTURE_AUTORELEASING = YES;
				CLANG_WARN_BOOL_CONVERSION = YES;
				CLANG_WARN_COMMA = YES;
				CLANG_WARN_CONSTANT_CONVERSION = YES;
				CLANG_WARN_DIRECT_OBJC_ISA_USAGE = YES_ERROR;
				CLANG_WARN_DOCUMENTATION_COMMENTS = YES;
				CLANG_WARN_EMPTY_BODY = YES;
				CLANG_WARN_ENUM_CONVERSION = YES;
				CLANG_WARN_INFINITE_RECURSION = YES;
				CLANG_WARN_INT_CONVERSION = YES;
				CLANG_WARN_NON_LITERAL_NULL_CONVERSION = YES;
				CLANG_WARN_OBJC_LITERAL_CONVERSION = YES;
				CLANG_WARN_OBJC_ROOT_CLASS = YES_ERROR;
				CLANG_WARN_RANGE_LOOP_ANALYSIS = YES;
				CLANG_WARN_STRICT_PROTOTYPES = YES;
				CLANG_WARN_SUSPICIOUS_MOVE = YES;
				CLANG_WARN_UNGUARDED_AVAILABILITY = YES_AGGRESSIVE;
				CLANG_WARN_UNREACHABLE_CODE = YES;
				CLANG_WARN__DUPLICATE_METHOD_MATCH = YES;
				CODE_SIGN_IDENTITY = "iPhone Developer";
				COPY_PHASE_STRIP = NO;
				DEBUG_INFORMATION_FORMAT = dwarf;
				ENABLE_STRICT_OBJC_MSGSEND = YES;
				ENABLE_TESTABILITY = YES;
				GCC_C_LANGUAGE_STANDARD = gnu11;
				GCC_DYNAMIC_NO_PIC = NO;
				GCC_NO_COMMON_BLOCKS = YES;
				GCC_OPTIMIZATION_LEVEL = 0;
				GCC_PREPROCESSOR_DEFINITIONS = (
					"DEBUG=1",
					"$(inherited)",
				);
				GCC_WARN_64_TO_32_BIT_CONVERSION = YES;
				GCC_WARN_ABOUT_RETURN_TYPE = YES_ERROR;
				GCC_WARN_UNDECLARED_SELECTOR = YES;
				GCC_WARN_UNINITIALIZED_AUTOS = YES_AGGRESSIVE;
				GCC_WARN_UNUSED_FUNCTION = YES;
				GCC_WARN_UNUSED_VARIABLE = YES;
				IPHONEOS_DEPLOYMENT_TARGET = 11.2;
				MTL_ENABLE_DEBUG_INFO = YES;
				ONLY_ACTIVE_ARCH = YES;
				SDKROOT = iphoneos;
			};
			name = Debug;
		};
		7680F1C4205B4DF3000389D8 /* Release */ = {
			isa = XCBuildConfiguration;
			buildSettings = {
				ALWAYS_SEARCH_USER_PATHS = NO;
				CLANG_ANALYZER_NONNULL = YES;
				CLANG_ANALYZER_NUMBER_OBJECT_CONVERSION = YES_AGGRESSIVE;
				CLANG_CXX_LANGUAGE_STANDARD = "gnu++14";
				CLANG_CXX_LIBRARY = "libc++";
				CLANG_ENABLE_MODULES = YES;
				CLANG_ENABLE_OBJC_ARC = YES;
				CLANG_WARN_BLOCK_CAPTURE_AUTORELEASING = YES;
				CLANG_WARN_BOOL_CONVERSION = YES;
				CLANG_WARN_COMMA = YES;
				CLANG_WARN_CONSTANT_CONVERSION = YES;
				CLANG_WARN_DIRECT_OBJC_ISA_USAGE = YES_ERROR;
				CLANG_WARN_DOCUMENTATION_COMMENTS = YES;
				CLANG_WARN_EMPTY_BODY = YES;
				CLANG_WARN_ENUM_CONVERSION = YES;
				CLANG_WARN_INFINITE_RECURSION = YES;
				CLANG_WARN_INT_CONVERSION = YES;
				CLANG_WARN_NON_LITERAL_NULL_CONVERSION = YES;
				CLANG_WARN_OBJC_LITERAL_CONVERSION = YES;
				CLANG_WARN_OBJC_ROOT_CLASS = YES_ERROR;
				CLANG_WARN_RANGE_LOOP_ANALYSIS = YES;
				CLANG_WARN_STRICT_PROTOTYPES = YES;
				CLANG_WARN_SUSPICIOUS_MOVE = YES;
				CLANG_WARN_UNGUARDED_AVAILABILITY = YES_AGGRESSIVE;
				CLANG_WARN_UNREACHABLE_CODE = YES;
				CLANG_WARN__DUPLICATE_METHOD_MATCH = YES;
				CODE_SIGN_IDENTITY = "iPhone Developer";
				COPY_PHASE_STRIP = NO;
				DEBUG_INFORMATION_FORMAT = "dwarf-with-dsym";
				ENABLE_NS_ASSERTIONS = NO;
				ENABLE_STRICT_OBJC_MSGSEND = YES;
				GCC_C_LANGUAGE_STANDARD = gnu11;
				GCC_NO_COMMON_BLOCKS = YES;
				GCC_WARN_64_TO_32_BIT_CONVERSION = YES;
				GCC_WARN_ABOUT_RETURN_TYPE = YES_ERROR;
				GCC_WARN_UNDECLARED_SELECTOR = YES;
				GCC_WARN_UNINITIALIZED_AUTOS = YES_AGGRESSIVE;
				GCC_WARN_UNUSED_FUNCTION = YES;
				GCC_WARN_UNUSED_VARIABLE = YES;
				IPHONEOS_DEPLOYMENT_TARGET = 11.2;
				MTL_ENABLE_DEBUG_INFO = NO;
				SDKROOT = iphoneos;
				VALIDATE_PRODUCT = YES;
			};
			name = Release;
		};
		7680F1C6205B4DF3000389D8 /* Debug */ = {
			isa = XCBuildConfiguration;
			buildSettings = {
				ASSETCATALOG_COMPILER_APPICON_NAME = AppIcon;
				CODE_SIGN_STYLE = Automatic;
				DEVELOPMENT_TEAM = YMPDC8HZN7;
				INFOPLIST_FILE = "PeiPeiProject/Supporting Files/Info.plist";
				LD_RUNPATH_SEARCH_PATHS = "$(inherited) @executable_path/Frameworks";
				PRODUCT_BUNDLE_IDENTIFIER = "daYouTechnology-Co.--Ltd..PeiPeiProject";
				PRODUCT_NAME = "$(TARGET_NAME)";
				TARGETED_DEVICE_FAMILY = "1,2";
			};
			name = Debug;
		};
		7680F1C7205B4DF3000389D8 /* Release */ = {
			isa = XCBuildConfiguration;
			buildSettings = {
				ASSETCATALOG_COMPILER_APPICON_NAME = AppIcon;
				CODE_SIGN_STYLE = Automatic;
				DEVELOPMENT_TEAM = YMPDC8HZN7;
				INFOPLIST_FILE = "PeiPeiProject/Supporting Files/Info.plist";
				LD_RUNPATH_SEARCH_PATHS = "$(inherited) @executable_path/Frameworks";
				PRODUCT_BUNDLE_IDENTIFIER = "daYouTechnology-Co.--Ltd..PeiPeiProject";
				PRODUCT_NAME = "$(TARGET_NAME)";
				TARGETED_DEVICE_FAMILY = "1,2";
			};
			name = Release;
		};
		7680F1C9205B4DF3000389D8 /* Debug */ = {
			isa = XCBuildConfiguration;
			buildSettings = {
				BUNDLE_LOADER = "$(TEST_HOST)";
				CODE_SIGN_STYLE = Automatic;
				DEVELOPMENT_TEAM = YMPDC8HZN7;
				INFOPLIST_FILE = PeiPeiProjectTests/Info.plist;
				LD_RUNPATH_SEARCH_PATHS = "$(inherited) @executable_path/Frameworks @loader_path/Frameworks";
				PRODUCT_BUNDLE_IDENTIFIER = "daYouTechnology-Co.--Ltd..PeiPeiProjectTests";
				PRODUCT_NAME = "$(TARGET_NAME)";
				TARGETED_DEVICE_FAMILY = "1,2";
				TEST_HOST = "$(BUILT_PRODUCTS_DIR)/PeiPeiProject.app/PeiPeiProject";
			};
			name = Debug;
		};
		7680F1CA205B4DF3000389D8 /* Release */ = {
			isa = XCBuildConfiguration;
			buildSettings = {
				BUNDLE_LOADER = "$(TEST_HOST)";
				CODE_SIGN_STYLE = Automatic;
				DEVELOPMENT_TEAM = YMPDC8HZN7;
				INFOPLIST_FILE = PeiPeiProjectTests/Info.plist;
				LD_RUNPATH_SEARCH_PATHS = "$(inherited) @executable_path/Frameworks @loader_path/Frameworks";
				PRODUCT_BUNDLE_IDENTIFIER = "daYouTechnology-Co.--Ltd..PeiPeiProjectTests";
				PRODUCT_NAME = "$(TARGET_NAME)";
				TARGETED_DEVICE_FAMILY = "1,2";
				TEST_HOST = "$(BUILT_PRODUCTS_DIR)/PeiPeiProject.app/PeiPeiProject";
			};
			name = Release;
		};
		7680F1CC205B4DF3000389D8 /* Debug */ = {
			isa = XCBuildConfiguration;
			buildSettings = {
				CODE_SIGN_STYLE = Automatic;
				DEVELOPMENT_TEAM = YMPDC8HZN7;
				INFOPLIST_FILE = PeiPeiProjectUITests/Info.plist;
				LD_RUNPATH_SEARCH_PATHS = "$(inherited) @executable_path/Frameworks @loader_path/Frameworks";
				PRODUCT_BUNDLE_IDENTIFIER = "daYouTechnology-Co.--Ltd..PeiPeiProjectUITests";
				PRODUCT_NAME = "$(TARGET_NAME)";
				TARGETED_DEVICE_FAMILY = "1,2";
				TEST_TARGET_NAME = PeiPeiProject;
			};
			name = Debug;
		};
		7680F1CD205B4DF3000389D8 /* Release */ = {
			isa = XCBuildConfiguration;
			buildSettings = {
				CODE_SIGN_STYLE = Automatic;
				DEVELOPMENT_TEAM = YMPDC8HZN7;
				INFOPLIST_FILE = PeiPeiProjectUITests/Info.plist;
				LD_RUNPATH_SEARCH_PATHS = "$(inherited) @executable_path/Frameworks @loader_path/Frameworks";
				PRODUCT_BUNDLE_IDENTIFIER = "daYouTechnology-Co.--Ltd..PeiPeiProjectUITests";
				PRODUCT_NAME = "$(TARGET_NAME)";
				TARGETED_DEVICE_FAMILY = "1,2";
				TEST_TARGET_NAME = PeiPeiProject;
			};
			name = Release;
		};
/* End XCBuildConfiguration section */

/* Begin XCConfigurationList section */
		7680F194205B4DF3000389D8 /* Build configuration list for PBXProject "PeiPeiProject" */ = {
			isa = XCConfigurationList;
			buildConfigurations = (
				7680F1C3205B4DF3000389D8 /* Debug */,
				7680F1C4205B4DF3000389D8 /* Release */,
			);
			defaultConfigurationIsVisible = 0;
			defaultConfigurationName = Release;
		};
		7680F1C5205B4DF3000389D8 /* Build configuration list for PBXNativeTarget "PeiPeiProject" */ = {
			isa = XCConfigurationList;
			buildConfigurations = (
				7680F1C6205B4DF3000389D8 /* Debug */,
				7680F1C7205B4DF3000389D8 /* Release */,
			);
			defaultConfigurationIsVisible = 0;
			defaultConfigurationName = Release;
		};
		7680F1C8205B4DF3000389D8 /* Build configuration list for PBXNativeTarget "PeiPeiProjectTests" */ = {
			isa = XCConfigurationList;
			buildConfigurations = (
				7680F1C9205B4DF3000389D8 /* Debug */,
				7680F1CA205B4DF3000389D8 /* Release */,
			);
			defaultConfigurationIsVisible = 0;
			defaultConfigurationName = Release;
		};
		7680F1CB205B4DF3000389D8 /* Build configuration list for PBXNativeTarget "PeiPeiProjectUITests" */ = {
			isa = XCConfigurationList;
			buildConfigurations = (
				7680F1CC205B4DF3000389D8 /* Debug */,
				7680F1CD205B4DF3000389D8 /* Release */,
			);
			defaultConfigurationIsVisible = 0;
			defaultConfigurationName = Release;
		};
/* End XCConfigurationList section */
	};
	rootObject = 7680F191205B4DF3000389D8 /* Project object */;
}
